// !$*UTF8*$!
{
	archiveVersion = 1;
	classes = {
	};
	objectVersion = 46;
	objects = {

/* Begin PBXBuildFile section */
		1F5C1DB21C40E51D00C52B6E /* main.m in Sources */ = {isa = PBXBuildFile; fileRef = 1F5C1DB11C40E51D00C52B6E /* main.m */; };
		1F5C1DB51C40E51D00C52B6E /* AppDelegate.m in Sources */ = {isa = PBXBuildFile; fileRef = 1F5C1DB41C40E51D00C52B6E /* AppDelegate.m */; };
		1F5C1DB81C40E51D00C52B6E /* ViewController.m in Sources */ = {isa = PBXBuildFile; fileRef = 1F5C1DB71C40E51D00C52B6E /* ViewController.m */; };
		1F5C1DBB1C40E51D00C52B6E /* Main.storyboard in Resources */ = {isa = PBXBuildFile; fileRef = 1F5C1DB91C40E51D00C52B6E /* Main.storyboard */; };
		1F5C1DBD1C40E51D00C52B6E /* Assets.xcassets in Resources */ = {isa = PBXBuildFile; fileRef = 1F5C1DBC1C40E51D00C52B6E /* Assets.xcassets */; };
		1F5C1DC01C40E51D00C52B6E /* LaunchScreen.storyboard in Resources */ = {isa = PBXBuildFile; fileRef = 1F5C1DBE1C40E51D00C52B6E /* LaunchScreen.storyboard */; };
		1F5C1DCB1C40E51D00C52B6E /* xccTests.m in Sources */ = {isa = PBXBuildFile; fileRef = 1F5C1DCA1C40E51D00C52B6E /* xccTests.m */; };
		1F5C1DD61C40E51D00C52B6E /* xccUITests.m in Sources */ = {isa = PBXBuildFile; fileRef = 1F5C1DD51C40E51D00C52B6E /* xccUITests.m */; };
/* End PBXBuildFile section */

/* Begin PBXContainerItemProxy section */
		1F5C1DC71C40E51D00C52B6E /* PBXContainerItemProxy */ = {
			isa = PBXContainerItemProxy;
			containerPortal = 1F5C1DA51C40E51C00C52B6E /* Project object */;
			proxyType = 1;
			remoteGlobalIDString = 1F5C1DAC1C40E51C00C52B6E;
			remoteInfo = xcc;
		};
		1F5C1DD21C40E51D00C52B6E /* PBXContainerItemProxy */ = {
			isa = PBXContainerItemProxy;
			containerPortal = 1F5C1DA51C40E51C00C52B6E /* Project object */;
			proxyType = 1;
			remoteGlobalIDString = 1F5C1DAC1C40E51C00C52B6E;
			remoteInfo = xcc;
		};
/* End PBXContainerItemProxy section */

/* Begin PBXFileReference section */
		1F5C1DAD1C40E51C00C52B6E /* xcc.app */ = {isa = PBXFileReference; explicitFileType = wrapper.application; includeInIndex = 0; path = xcc.app; sourceTree = BUILT_PRODUCTS_DIR; };
		1F5C1DB11C40E51D00C52B6E /* main.m */ = {isa = PBXFileReference; lastKnownFileType = sourcecode.c.objc; path = main.m; sourceTree = "<group>"; };
		1F5C1DB31C40E51D00C52B6E /* AppDelegate.h */ = {isa = PBXFileReference; lastKnownFileType = sourcecode.c.h; path = AppDelegate.h; sourceTree = "<group>"; };
		1F5C1DB41C40E51D00C52B6E /* AppDelegate.m */ = {isa = PBXFileReference; lastKnownFileType = sourcecode.c.objc; path = AppDelegate.m; sourceTree = "<group>"; };
		1F5C1DB61C40E51D00C52B6E /* ViewController.h */ = {isa = PBXFileReference; lastKnownFileType = sourcecode.c.h; path = ViewController.h; sourceTree = "<group>"; };
		1F5C1DB71C40E51D00C52B6E /* ViewController.m */ = {isa = PBXFileReference; lastKnownFileType = sourcecode.c.objc; path = ViewController.m; sourceTree = "<group>"; };
		1F5C1DBA1C40E51D00C52B6E /* Base */ = {isa = PBXFileReference; lastKnownFileType = file.storyboard; name = Base; path = Base.lproj/Main.storyboard; sourceTree = "<group>"; };
		1F5C1DBC1C40E51D00C52B6E /* Assets.xcassets */ = {isa = PBXFileReference; lastKnownFileType = folder.assetcatalog; path = Assets.xcassets; sourceTree = "<group>"; };
		1F5C1DBF1C40E51D00C52B6E /* Base */ = {isa = PBXFileReference; lastKnownFileType = file.storyboard; name = Base; path = Base.lproj/LaunchScreen.storyboard; sourceTree = "<group>"; };
		1F5C1DC11C40E51D00C52B6E /* Info.plist */ = {isa = PBXFileReference; lastKnownFileType = text.plist.xml; path = Info.plist; sourceTree = "<group>"; };
		1F5C1DC61C40E51D00C52B6E /* xccTests.xctest */ = {isa = PBXFileReference; explicitFileType = wrapper.cfbundle; includeInIndex = 0; path = xccTests.xctest; sourceTree = BUILT_PRODUCTS_DIR; };
		1F5C1DCA1C40E51D00C52B6E /* xccTests.m */ = {isa = PBXFileReference; lastKnownFileType = sourcecode.c.objc; path = xccTests.m; sourceTree = "<group>"; };
		1F5C1DCC1C40E51D00C52B6E /* Info.plist */ = {isa = PBXFileReference; lastKnownFileType = text.plist.xml; path = Info.plist; sourceTree = "<group>"; };
		1F5C1DD11C40E51D00C52B6E /* xccUITests.xctest */ = {isa = PBXFileReference; explicitFileType = wrapper.cfbundle; includeInIndex = 0; path = xccUITests.xctest; sourceTree = BUILT_PRODUCTS_DIR; };
		1F5C1DD51C40E51D00C52B6E /* xccUITests.m */ = {isa = PBXFileReference; lastKnownFileType = sourcecode.c.objc; path = xccUITests.m; sourceTree = "<group>"; };
		1F5C1DD71C40E51D00C52B6E /* Info.plist */ = {isa = PBXFileReference; lastKnownFileType = text.plist.xml; path = Info.plist; sourceTree = "<group>"; };
/* End PBXFileReference section */

/* Begin PBXFrameworksBuildPhase section */
		1F5C1DAA1C40E51C00C52B6E /* Frameworks */ = {
			isa = PBXFrameworksBuildPhase;
			buildActionMask = 2147483647;
			files = (
			);
			runOnlyForDeploymentPostprocessing = 0;
		};
		1F5C1DC31C40E51D00C52B6E /* Frameworks */ = {
			isa = PBXFrameworksBuildPhase;
			buildActionMask = 2147483647;
			files = (
			);
			runOnlyForDeploymentPostprocessing = 0;
		};
		1F5C1DCE1C40E51D00C52B6E /* Frameworks */ = {
			isa = PBXFrameworksBuildPhase;
			buildActionMask = 2147483647;
			files = (
			);
			runOnlyForDeploymentPostprocessing = 0;
		};
/* End PBXFrameworksBuildPhase section */

/* Begin PBXGroup section */
		1F5C1DA41C40E51C00C52B6E = {
			isa = PBXGroup;
			children = (
				1F5C1DAF1C40E51C00C52B6E /* xcc */,
				1F5C1DC91C40E51D00C52B6E /* xccTests */,
				1F5C1DD41C40E51D00C52B6E /* xccUITests */,
				1F5C1DAE1C40E51C00C52B6E /* Products */,
			);
			sourceTree = "<group>";
		};
		1F5C1DAE1C40E51C00C52B6E /* Products */ = {
			isa = PBXGroup;
			children = (
				1F5C1DAD1C40E51C00C52B6E /* xcc.app */,
				1F5C1DC61C40E51D00C52B6E /* xccTests.xctest */,
				1F5C1DD11C40E51D00C52B6E /* xccUITests.xctest */,
			);
			name = Products;
			sourceTree = "<group>";
		};
		1F5C1DAF1C40E51C00C52B6E /* xcc */ = {
			isa = PBXGroup;
			children = (
				1F5C1DB31C40E51D00C52B6E /* AppDelegate.h */,
				1F5C1DB41C40E51D00C52B6E /* AppDelegate.m */,
				1F5C1DB61C40E51D00C52B6E /* ViewController.h */,
				1F5C1DB71C40E51D00C52B6E /* ViewController.m */,
				1F5C1DB91C40E51D00C52B6E /* Main.storyboard */,
				1F5C1DBC1C40E51D00C52B6E /* Assets.xcassets */,
				1F5C1DBE1C40E51D00C52B6E /* LaunchScreen.storyboard */,
				1F5C1DC11C40E51D00C52B6E /* Info.plist */,
				1F5C1DB01C40E51C00C52B6E /* Supporting Files */,
			);
			path = xcc;
			sourceTree = "<group>";
		};
		1F5C1DB01C40E51C00C52B6E /* Supporting Files */ = {
			isa = PBXGroup;
			children = (
				1F5C1DB11C40E51D00C52B6E /* main.m */,
			);
			name = "Supporting Files";
			sourceTree = "<group>";
		};
		1F5C1DC91C40E51D00C52B6E /* xccTests */ = {
			isa = PBXGroup;
			children = (
				1F5C1DCA1C40E51D00C52B6E /* xccTests.m */,
				1F5C1DCC1C40E51D00C52B6E /* Info.plist */,
			);
			path = xccTests;
			sourceTree = "<group>";
		};
		1F5C1DD41C40E51D00C52B6E /* xccUITests */ = {
			isa = PBXGroup;
			children = (
				1F5C1DD51C40E51D00C52B6E /* xccUITests.m */,
				1F5C1DD71C40E51D00C52B6E /* Info.plist */,
			);
			path = xccUITests;
			sourceTree = "<group>";
		};
/* End PBXGroup section */

/* Begin PBXNativeTarget section */
		1F5C1DAC1C40E51C00C52B6E /* xcc */ = {
			isa = PBXNativeTarget;
			buildConfigurationList = 1F5C1DDA1C40E51D00C52B6E /* Build configuration list for PBXNativeTarget "xcc" */;
			buildPhases = (
				1F5C1DA91C40E51C00C52B6E /* Sources */,
				1F5C1DAA1C40E51C00C52B6E /* Frameworks */,
				1F5C1DAB1C40E51C00C52B6E /* Resources */,
			);
			buildRules = (
			);
			dependencies = (
			);
			name = xcc;
			productName = xcc;
			productReference = 1F5C1DAD1C40E51C00C52B6E /* xcc.app */;
			productType = "com.apple.product-type.application";
		};
		1F5C1DC51C40E51D00C52B6E /* xccTests */ = {
			isa = PBXNativeTarget;
			buildConfigurationList = 1F5C1DDD1C40E51D00C52B6E /* Build configuration list for PBXNativeTarget "xccTests" */;
			buildPhases = (
				1F5C1DC21C40E51D00C52B6E /* Sources */,
				1F5C1DC31C40E51D00C52B6E /* Frameworks */,
				1F5C1DC41C40E51D00C52B6E /* Resources */,
			);
			buildRules = (
			);
			dependencies = (
				1F5C1DC81C40E51D00C52B6E /* PBXTargetDependency */,
			);
			name = xccTests;
			productName = xccTests;
			productReference = 1F5C1DC61C40E51D00C52B6E /* xccTests.xctest */;
			productType = "com.apple.product-type.bundle.unit-test";
		};
		1F5C1DD01C40E51D00C52B6E /* xccUITests */ = {
			isa = PBXNativeTarget;
			buildConfigurationList = 1F5C1DE01C40E51D00C52B6E /* Build configuration list for PBXNativeTarget "xccUITests" */;
			buildPhases = (
				1F5C1DCD1C40E51D00C52B6E /* Sources */,
				1F5C1DCE1C40E51D00C52B6E /* Frameworks */,
				1F5C1DCF1C40E51D00C52B6E /* Resources */,
			);
			buildRules = (
			);
			dependencies = (
				1F5C1DD31C40E51D00C52B6E /* PBXTargetDependency */,
			);
			name = xccUITests;
			productName = xccUITests;
			productReference = 1F5C1DD11C40E51D00C52B6E /* xccUITests.xctest */;
			productType = "com.apple.product-type.bundle.ui-testing";
		};
/* End PBXNativeTarget section */

/* Begin PBXProject section */
		1F5C1DA51C40E51C00C52B6E /* Project object */ = {
			isa = PBXProject;
			attributes = {
				LastUpgradeCheck = 0720;
				ORGANIZATIONNAME = admin;
				TargetAttributes = {
					1F5C1DAC1C40E51C00C52B6E = {
						CreatedOnToolsVersion = 7.2;
					};
					1F5C1DC51C40E51D00C52B6E = {
						CreatedOnToolsVersion = 7.2;
						TestTargetID = 1F5C1DAC1C40E51C00C52B6E;
					};
					1F5C1DD01C40E51D00C52B6E = {
						CreatedOnToolsVersion = 7.2;
						TestTargetID = 1F5C1DAC1C40E51C00C52B6E;
					};
				};
			};
			buildConfigurationList = 1F5C1DA81C40E51C00C52B6E /* Build configuration list for PBXProject "xcc" */;
			compatibilityVersion = "Xcode 3.2";
			developmentRegion = English;
			hasScannedForEncodings = 0;
			knownRegions = (
				en,
				Base,
			);
			mainGroup = 1F5C1DA41C40E51C00C52B6E;
			productRefGroup = 1F5C1DAE1C40E51C00C52B6E /* Products */;
			projectDirPath = "";
			projectRoot = "";
			targets = (
				1F5C1DAC1C40E51C00C52B6E /* xcc */,
				1F5C1DC51C40E51D00C52B6E /* xccTests */,
				1F5C1DD01C40E51D00C52B6E /* xccUITests */,
			);
		};
/* End PBXProject section */

/* Begin PBXResourcesBuildPhase section */
		1F5C1DAB1C40E51C00C52B6E /* Resources */ = {
			isa = PBXResourcesBuildPhase;
			buildActionMask = 2147483647;
			files = (
				1F5C1DC01C40E51D00C52B6E /* LaunchScreen.storyboard in Resources */,
				1F5C1DBD1C40E51D00C52B6E /* Assets.xcassets in Resources */,
				1F5C1DBB1C40E51D00C52B6E /* Main.storyboard in Resources */,
			);
			runOnlyForDeploymentPostprocessing = 0;
		};
		1F5C1DC41C40E51D00C52B6E /* Resources */ = {
			isa = PBXResourcesBuildPhase;
			buildActionMask = 2147483647;
			files = (
			);
			runOnlyForDeploymentPostprocessing = 0;
		};
		1F5C1DCF1C40E51D00C52B6E /* Resources */ = {
			isa = PBXResourcesBuildPhase;
			buildActionMask = 2147483647;
			files = (
			);
			runOnlyForDeploymentPostprocessing = 0;
		};
/* End PBXResourcesBuildPhase section */

/* Begin PBXSourcesBuildPhase section */
		1F5C1DA91C40E51C00C52B6E /* Sources */ = {
			isa = PBXSourcesBuildPhase;
			buildActionMask = 2147483647;
			files = (
				1F5C1DB81C40E51D00C52B6E /* ViewController.m in Sources */,
				1F5C1DB51C40E51D00C52B6E /* AppDelegate.m in Sources */,
				1F5C1DB21C40E51D00C52B6E /* main.m in Sources */,
			);
			runOnlyForDeploymentPostprocessing = 0;
		};
		1F5C1DC21C40E51D00C52B6E /* Sources */ = {
			isa = PBXSourcesBuildPhase;
			buildActionMask = 2147483647;
			files = (
				1F5C1DCB1C40E51D00C52B6E /* xccTests.m in Sources */,
			);
			runOnlyForDeploymentPostprocessing = 0;
		};
		1F5C1DCD1C40E51D00C52B6E /* Sources */ = {
			isa = PBXSourcesBuildPhase;
			buildActionMask = 2147483647;
			files = (
				1F5C1DD61C40E51D00C52B6E /* xccUITests.m in Sources */,
			);
			runOnlyForDeploymentPostprocessing = 0;
		};
/* End PBXSourcesBuildPhase section */

/* Begin PBXTargetDependency section */
		1F5C1DC81C40E51D00C52B6E /* PBXTargetDependency */ = {
			isa = PBXTargetDependency;
			target = 1F5C1DAC1C40E51C00C52B6E /* xcc */;
			targetProxy = 1F5C1DC71C40E51D00C52B6E /* PBXContainerItemProxy */;
		};
		1F5C1DD31C40E51D00C52B6E /* PBXTargetDependency */ = {
			isa = PBXTargetDependency;
			target = 1F5C1DAC1C40E51C00C52B6E /* xcc */;
			targetProxy = 1F5C1DD21C40E51D00C52B6E /* PBXContainerItemProxy */;
		};
/* End PBXTargetDependency section */

/* Begin PBXVariantGroup section */
		1F5C1DB91C40E51D00C52B6E /* Main.storyboard */ = {
			isa = PBXVariantGroup;
			children = (
				1F5C1DBA1C40E51D00C52B6E /* Base */,
			);
			name = Main.storyboard;
			sourceTree = "<group>";
		};
		1F5C1DBE1C40E51D00C52B6E /* LaunchScreen.storyboard */ = {
			isa = PBXVariantGroup;
			children = (
				1F5C1DBF1C40E51D00C52B6E /* Base */,
			);
			name = LaunchScreen.storyboard;
			sourceTree = "<group>";
		};
/* End PBXVariantGroup section */

/* Begin XCBuildConfiguration section */
		1F5C1DD81C40E51D00C52B6E /* Debug */ = {
			isa = XCBuildConfiguration;
			buildSettings = {
				ALWAYS_SEARCH_USER_PATHS = NO;
				CLANG_CXX_LANGUAGE_STANDARD = "gnu++0x";
				CLANG_CXX_LIBRARY = "libc++";
				CLANG_ENABLE_MODULES = YES;
				CLANG_ENABLE_OBJC_ARC = YES;
				CLANG_WARN_BOOL_CONVERSION = YES;
				CLANG_WARN_CONSTANT_CONVERSION = YES;
				CLANG_WARN_DIRECT_OBJC_ISA_USAGE = YES_ERROR;
				CLANG_WARN_EMPTY_BODY = YES;
				CLANG_WARN_ENUM_CONVERSION = YES;
				CLANG_WARN_INT_CONVERSION = YES;
				CLANG_WARN_OBJC_ROOT_CLASS = YES_ERROR;
				CLANG_WARN_UNREACHABLE_CODE = YES;
				CLANG_WARN__DUPLICATE_METHOD_MATCH = YES;
				"CODE_SIGN_IDENTITY[sdk=iphoneos*]" = "iPhone Developer";
				COPY_PHASE_STRIP = NO;
				DEBUG_INFORMATION_FORMAT = dwarf;
				ENABLE_STRICT_OBJC_MSGSEND = YES;
				ENABLE_TESTABILITY = YES;
				GCC_C_LANGUAGE_STANDARD = gnu99;
				GCC_DYNAMIC_NO_PIC = NO;
				GCC_NO_COMMON_BLOCKS = YES;
				GCC_OPTIMIZATION_LEVEL = 0;
				GCC_PREPROCESSOR_DEFINITIONS = (
					"DEBUG=1",
					"$(inherited)",
				);
				GCC_WARN_64_TO_32_BIT_CONVERSION = YES;
				GCC_WARN_ABOUT_RETURN_TYPE = YES_ERROR;
				GCC_WARN_UNDECLARED_SELECTOR = YES;
				GCC_WARN_UNINITIALIZED_AUTOS = YES_AGGRESSIVE;
				GCC_WARN_UNUSED_FUNCTION = YES;
				GCC_WARN_UNUSED_VARIABLE = YES;
				IPHONEOS_DEPLOYMENT_TARGET = 9.2;
				MTL_ENABLE_DEBUG_INFO = YES;
				ONLY_ACTIVE_ARCH = YES;
				SDKROOT = iphoneos;
				TARGETED_DEVICE_FAMILY = "1,2";
			};
			name = Debug;
		};
		1F5C1DD91C40E51D00C52B6E /* Release */ = {
			isa = XCBuildConfiguration;
			buildSettings = {
				ALWAYS_SEARCH_USER_PATHS = NO;
				CLANG_CXX_LANGUAGE_STANDARD = "gnu++0x";
				CLANG_CXX_LIBRARY = "libc++";
				CLANG_ENABLE_MODULES = YES;
				CLANG_ENABLE_OBJC_ARC = YES;
				CLANG_WARN_BOOL_CONVERSION = YES;
				CLANG_WARN_CONSTANT_CONVERSION = YES;
				CLANG_WARN_DIRECT_OBJC_ISA_USAGE = YES_ERROR;
				CLANG_WARN_EMPTY_BODY = YES;
				CLANG_WARN_ENUM_CONVERSION = YES;
				CLANG_WARN_INT_CONVERSION = YES;
				CLANG_WARN_OBJC_ROOT_CLASS = YES_ERROR;
				CLANG_WARN_UNREACHABLE_CODE = YES;
				CLANG_WARN__DUPLICATE_METHOD_MATCH = YES;
				"CODE_SIGN_IDENTITY[sdk=iphoneos*]" = "iPhone Developer";
				COPY_PHASE_STRIP = NO;
				DEBUG_INFORMATION_FORMAT = "dwarf-with-dsym";
				ENABLE_NS_ASSERTIONS = NO;
				ENABLE_STRICT_OBJC_MSGSEND = YES;
				GCC_C_LANGUAGE_STANDARD = gnu99;
				GCC_NO_COMMON_BLOCKS = YES;
				GCC_WARN_64_TO_32_BIT_CONVERSION = YES;
				GCC_WARN_ABOUT_RETURN_TYPE = YES_ERROR;
				GCC_WARN_UNDECLARED_SELECTOR = YES;
				GCC_WARN_UNINITIALIZED_AUTOS = YES_AGGRESSIVE;
				GCC_WARN_UNUSED_FUNCTION = YES;
				GCC_WARN_UNUSED_VARIABLE = YES;
				IPHONEOS_DEPLOYMENT_TARGET = 9.2;
				MTL_ENABLE_DEBUG_INFO = NO;
				SDKROOT = iphoneos;
				TARGETED_DEVICE_FAMILY = "1,2";
				VALIDATE_PRODUCT = YES;
			};
			name = Release;
		};
		1F5C1DDB1C40E51D00C52B6E /* Debug */ = {
			isa = XCBuildConfiguration;
			buildSettings = {
				ASSETCATALOG_COMPILER_APPICON_NAME = AppIcon;
				INFOPLIST_FILE = xcc/Info.plist;
				LD_RUNPATH_SEARCH_PATHS = "$(inherited) @executable_path/Frameworks";
				PRODUCT_BUNDLE_IDENTIFIER = ThinkApe.xcc;
				PRODUCT_NAME = "$(TARGET_NAME)";
			};
			name = Debug;
		};
		1F5C1DDC1C40E51D00C52B6E /* Release */ = {
			isa = XCBuildConfiguration;
			buildSettings = {
				ASSETCATALOG_COMPILER_APPICON_NAME = AppIcon;
				INFOPLIST_FILE = xcc/Info.plist;
				LD_RUNPATH_SEARCH_PATHS = "$(inherited) @executable_path/Frameworks";
				PRODUCT_BUNDLE_IDENTIFIER = ThinkApe.xcc;
				PRODUCT_NAME = "$(TARGET_NAME)";
			};
			name = Release;
		};
		1F5C1DDE1C40E51D00C52B6E /* Debug */ = {
			isa = XCBuildConfiguration;
			buildSettings = {
				BUNDLE_LOADER = "$(TEST_HOST)";
				INFOPLIST_FILE = xccTests/Info.plist;
				LD_RUNPATH_SEARCH_PATHS = "$(inherited) @executable_path/Frameworks @loader_path/Frameworks";
				PRODUCT_BUNDLE_IDENTIFIER = ThinkApe.xccTests;
				PRODUCT_NAME = "$(TARGET_NAME)";
				TEST_HOST = "$(BUILT_PRODUCTS_DIR)/xcc.app/xcc";
			};
			name = Debug;
		};
		1F5C1DDF1C40E51D00C52B6E /* Release */ = {
			isa = XCBuildConfiguration;
			buildSettings = {
				BUNDLE_LOADER = "$(TEST_HOST)";
				INFOPLIST_FILE = xccTests/Info.plist;
				LD_RUNPATH_SEARCH_PATHS = "$(inherited) @executable_path/Frameworks @loader_path/Frameworks";
				PRODUCT_BUNDLE_IDENTIFIER = ThinkApe.xccTests;
				PRODUCT_NAME = "$(TARGET_NAME)";
				TEST_HOST = "$(BUILT_PRODUCTS_DIR)/xcc.app/xcc";
			};
			name = Release;
		};
		1F5C1DE11C40E51D00C52B6E /* Debug */ = {
			isa = XCBuildConfiguration;
			buildSettings = {
				INFOPLIST_FILE = xccUITests/Info.plist;
				LD_RUNPATH_SEARCH_PATHS = "$(inherited) @executable_path/Frameworks @loader_path/Frameworks";
				PRODUCT_BUNDLE_IDENTIFIER = ThinkApe.xccUITests;
				PRODUCT_NAME = "$(TARGET_NAME)";
				TEST_TARGET_NAME = xcc;
				USES_XCTRUNNER = YES;
			};
			name = Debug;
		};
		1F5C1DE21C40E51D00C52B6E /* Release */ = {
			isa = XCBuildConfiguration;
			buildSettings = {
				INFOPLIST_FILE = xccUITests/Info.plist;
				LD_RUNPATH_SEARCH_PATHS = "$(inherited) @executable_path/Frameworks @loader_path/Frameworks";
				PRODUCT_BUNDLE_IDENTIFIER = ThinkApe.xccUITests;
				PRODUCT_NAME = "$(TARGET_NAME)";
				TEST_TARGET_NAME = xcc;
				USES_XCTRUNNER = YES;
			};
			name = Release;
		};
/* End XCBuildConfiguration section */

/* Begin XCConfigurationList section */
		1F5C1DA81C40E51C00C52B6E /* Build configuration list for PBXProject "xcc" */ = {
			isa = XCConfigurationList;
			buildConfigurations = (
				1F5C1DD81C40E51D00C52B6E /* Debug */,
				1F5C1DD91C40E51D00C52B6E /* Release */,
			);
			defaultConfigurationIsVisible = 0;
			defaultConfigurationName = Release;
		};
		1F5C1DDA1C40E51D00C52B6E /* Build configuration list for PBXNativeTarget "xcc" */ = {
			isa = XCConfigurationList;
			buildConfigurations = (
				1F5C1DDB1C40E51D00C52B6E /* Debug */,
				1F5C1DDC1C40E51D00C52B6E /* Release */,
			);
			defaultConfigurationIsVisible = 0;
		};
		1F5C1DDD1C40E51D00C52B6E /* Build configuration list for PBXNativeTarget "xccTests" */ = {
			isa = XCConfigurationList;
			buildConfigurations = (
				1F5C1DDE1C40E51D00C52B6E /* Debug */,
				1F5C1DDF1C40E51D00C52B6E /* Release */,
			);
			defaultConfigurationIsVisible = 0;
		};
		1F5C1DE01C40E51D00C52B6E /* Build configuration list for PBXNativeTarget "xccUITests" */ = {
			isa = XCConfigurationList;
			buildConfigurations = (
				1F5C1DE11C40E51D00C52B6E /* Debug */,
				1F5C1DE21C40E51D00C52B6E /* Release */,
			);
			defaultConfigurationIsVisible = 0;
		};
/* End XCConfigurationList section */
	};
	rootObject = 1F5C1DA51C40E51C00C52B6E /* Project object */;
}
